// !$*UTF8*$!
{
	archiveVersion = 1;
	classes = {
	};
	objectVersion = 46;
	objects = {

/* Begin PBXBuildFile section */
		301DBB2D1CB2437A00C2C2A9 /* AppDelegate.swift in Sources */ = {isa = PBXBuildFile; fileRef = 301DBB2C1CB2437A00C2C2A9 /* AppDelegate.swift */; };
		301DBB2F1CB2437A00C2C2A9 /* ViewController.swift in Sources */ = {isa = PBXBuildFile; fileRef = 301DBB2E1CB2437A00C2C2A9 /* ViewController.swift */; };
		301DBB321CB2437A00C2C2A9 /* Main.storyboard in Resources */ = {isa = PBXBuildFile; fileRef = 301DBB301CB2437A00C2C2A9 /* Main.storyboard */; };
		301DBB341CB2437A00C2C2A9 /* Assets.xcassets in Resources */ = {isa = PBXBuildFile; fileRef = 301DBB331CB2437A00C2C2A9 /* Assets.xcassets */; };
		301DBB371CB2437A00C2C2A9 /* LaunchScreen.storyboard in Resources */ = {isa = PBXBuildFile; fileRef = 301DBB351CB2437A00C2C2A9 /* LaunchScreen.storyboard */; };
/* End PBXBuildFile section */

/* Begin PBXFileReference section */
		301DBB291CB2437A00C2C2A9 /* FirstKadaiApp.app */ = {isa = PBXFileReference; explicitFileType = wrapper.application; includeInIndex = 0; path = FirstKadaiApp.app; sourceTree = BUILT_PRODUCTS_DIR; };
		301DBB2C1CB2437A00C2C2A9 /* AppDelegate.swift */ = {isa = PBXFileReference; lastKnownFileType = sourcecode.swift; path = AppDelegate.swift; sourceTree = "<group>"; };
		301DBB2E1CB2437A00C2C2A9 /* ViewController.swift */ = {isa = PBXFileReference; lastKnownFileType = sourcecode.swift; path = ViewController.swift; sourceTree = "<group>"; };
		301DBB311CB2437A00C2C2A9 /* Base */ = {isa = PBXFileReference; lastKnownFileType = file.storyboard; name = Base; path = Base.lproj/Main.storyboard; sourceTree = "<group>"; };
		301DBB331CB2437A00C2C2A9 /* Assets.xcassets */ = {isa = PBXFileReference; lastKnownFileType = folder.assetcatalog; path = Assets.xcassets; sourceTree = "<group>"; };
		301DBB361CB2437A00C2C2A9 /* Base */ = {isa = PBXFileReference; lastKnownFileType = file.storyboard; name = Base; path = Base.lproj/LaunchScreen.storyboard; sourceTree = "<group>"; };
		301DBB381CB2437A00C2C2A9 /* Info.plist */ = {isa = PBXFileReference; lastKnownFileType = text.plist.xml; path = Info.plist; sourceTree = "<group>"; };
/* End PBXFileReference section */

/* Begin PBXFrameworksBuildPhase section */
		301DBB261CB2437A00C2C2A9 /* Frameworks */ = {
			isa = PBXFrameworksBuildPhase;
			buildActionMask = 2147483647;
			files = (
			);
			runOnlyForDeploymentPostprocessing = 0;
		};
/* End PBXFrameworksBuildPhase section */

/* Begin PBXGroup section */
		301DBB201CB2437A00C2C2A9 = {
			isa = PBXGroup;
			children = (
				301DBB2B1CB2437A00C2C2A9 /* FirstKadaiApp */,
				301DBB2A1CB2437A00C2C2A9 /* Products */,
			);
			sourceTree = "<group>";
		};
		301DBB2A1CB2437A00C2C2A9 /* Products */ = {
			isa = PBXGroup;
			children = (
				301DBB291CB2437A00C2C2A9 /* FirstKadaiApp.app */,
			);
			name = Products;
			sourceTree = "<group>";
		};
		301DBB2B1CB2437A00C2C2A9 /* FirstKadaiApp */ = {
			isa = PBXGroup;
			children = (
				301DBB2C1CB2437A00C2C2A9 /* AppDelegate.swift */,
				301DBB2E1CB2437A00C2C2A9 /* ViewController.swift */,
				301DBB301CB2437A00C2C2A9 /* Main.storyboard */,
				301DBB331CB2437A00C2C2A9 /* Assets.xcassets */,
				301DBB351CB2437A00C2C2A9 /* LaunchScreen.storyboard */,
				301DBB381CB2437A00C2C2A9 /* Info.plist */,
			);
			path = FirstKadaiApp;
			sourceTree = "<group>";
		};
/* End PBXGroup section */

/* Begin PBXNativeTarget section */
		301DBB281CB2437A00C2C2A9 /* FirstKadaiApp */ = {
			isa = PBXNativeTarget;
			buildConfigurationList = 301DBB3B1CB2437A00C2C2A9 /* Build configuration list for PBXNativeTarget "FirstKadaiApp" */;
			buildPhases = (
				301DBB251CB2437A00C2C2A9 /* Sources */,
				301DBB261CB2437A00C2C2A9 /* Frameworks */,
				301DBB271CB2437A00C2C2A9 /* Resources */,
			);
			buildRules = (
			);
			dependencies = (
			);
			name = FirstKadaiApp;
			productName = FirstKadaiApp;
			productReference = 301DBB291CB2437A00C2C2A9 /* FirstKadaiApp.app */;
			productType = "com.apple.product-type.application";
		};
/* End PBXNativeTarget section */

/* Begin PBXProject section */
		301DBB211CB2437A00C2C2A9 /* Project object */ = {
			isa = PBXProject;
			attributes = {
				LastSwiftUpdateCheck = 0720;
				LastUpgradeCheck = 0720;
				ORGANIZATIONNAME = k.sudo;
				TargetAttributes = {
					301DBB281CB2437A00C2C2A9 = {
						CreatedOnToolsVersion = 7.2.1;
						DevelopmentTeam = DEJ946ECJV;
					};
				};
			};
			buildConfigurationList = 301DBB241CB2437A00C2C2A9 /* Build configuration list for PBXProject "FirstKadaiApp" */;
			compatibilityVersion = "Xcode 3.2";
			developmentRegion = English;
			hasScannedForEncodings = 0;
			knownRegions = (
				en,
				Base,
			);
			mainGroup = 301DBB201CB2437A00C2C2A9;
			productRefGroup = 301DBB2A1CB2437A00C2C2A9 /* Products */;
			projectDirPath = "";
			projectRoot = "";
			targets = (
				301DBB281CB2437A00C2C2A9 /* FirstKadaiApp */,
			);
		};
/* End PBXProject section */

/* Begin PBXResourcesBuildPhase section */
		301DBB271CB2437A00C2C2A9 /* Resources */ = {
			isa = PBXResourcesBuildPhase;
			buildActionMask = 2147483647;
			files = (
				301DBB371CB2437A00C2C2A9 /* LaunchScreen.storyboard in Resources */,
				301DBB341CB2437A00C2C2A9 /* Assets.xcassets in Resources */,
				301DBB321CB2437A00C2C2A9 /* Main.storyboard in Resources */,
			);
			runOnlyForDeploymentPostprocessing = 0;
		};
/* End PBXResourcesBuildPhase section */

/* Begin PBXSourcesBuildPhase section */
		301DBB251CB2437A00C2C2A9 /* Sources */ = {
			isa = PBXSourcesBuildPhase;
			buildActionMask = 2147483647;
			files = (
				301DBB2F1CB2437A00C2C2A9 /* ViewController.swift in Sources */,
				301DBB2D1CB2437A00C2C2A9 /* AppDelegate.swift in Sources */,
			);
			runOnlyForDeploymentPostprocessing = 0;
		};
/* End PBXSourcesBuildPhase section */

/* Begin PBXVariantGroup section */
		301DBB301CB2437A00C2C2A9 /* Main.storyboard */ = {
			isa = PBXVariantGroup;
			children = (
				301DBB311CB2437A00C2C2A9 /* Base */,
			);
			name = Main.storyboard;
			sourceTree = "<group>";
		};
		301DBB351CB2437A00C2C2A9 /* LaunchScreen.storyboard */ = {
			isa = PBXVariantGroup;
			children = (
				301DBB361CB2437A00C2C2A9 /* Base */,
			);
			name = LaunchScreen.storyboard;
			sourceTree = "<group>";
		};
/* End PBXVariantGroup section */

/* Begin XCBuildConfiguration section */
		301DBB391CB2437A00C2C2A9 /* Debug */ = {
			isa = XCBuildConfiguration;
			buildSettings = {
				ALWAYS_SEARCH_USER_PATHS = NO;
				CLANG_CXX_LANGUAGE_STANDARD = "gnu++0x";
				CLANG_CXX_LIBRARY = "libc++";
				CLANG_ENABLE_MODULES = YES;
				CLANG_ENABLE_OBJC_ARC = YES;
				CLANG_WARN_BOOL_CONVERSION = YES;
				CLANG_WARN_CONSTANT_CONVERSION = YES;
				CLANG_WARN_DIRECT_OBJC_ISA_USAGE = YES_ERROR;
				CLANG_WARN_EMPTY_BODY = YES;
				CLANG_WARN_ENUM_CONVERSION = YES;
				CLANG_WARN_INT_CONVERSION = YES;
				CLANG_WARN_OBJC_ROOT_CLASS = YES_ERROR;
				CLANG_WARN_UNREACHABLE_CODE = YES;
				CLANG_WARN__DUPLICATE_METHOD_MATCH = YES;
				"CODE_SIGN_IDENTITY[sdk=iphoneos*]" = "iPhone Developer";
				COPY_PHASE_STRIP = NO;
				DEBUG_INFORMATION_FORMAT = dwarf;
				ENABLE_STRICT_OBJC_MSGSEND = YES;
				ENABLE_TESTABILITY = YES;
				GCC_C_LANGUAGE_STANDARD = gnu99;
				GCC_DYNAMIC_NO_PIC = NO;
				GCC_NO_COMMON_BLOCKS = YES;
				GCC_OPTIMIZATION_LEVEL = 0;
				GCC_PREPROCESSOR_DEFINITIONS = (
					"DEBUG=1",
					"$(inherited)",
				);
				GCC_WARN_64_TO_32_BIT_CONVERSION = YES;
				GCC_WARN_ABOUT_RETURN_TYPE = YES_ERROR;
				GCC_WARN_UNDECLARED_SELECTOR = YES;
				GCC_WARN_UNINITIALIZED_AUTOS = YES_AGGRESSIVE;
				GCC_WARN_UNUSED_FUNCTION = YES;
				GCC_WARN_UNUSED_VARIABLE = YES;
				IPHONEOS_DEPLOYMENT_TARGET = 9.2;
				MTL_ENABLE_DEBUG_INFO = YES;
				ONLY_ACTIVE_ARCH = YES;
				SDKROOT = iphoneos;
				SWIFT_OPTIMIZATION_LEVEL = "-Onone";
			};
			name = Debug;
		};
		301DBB3A1CB2437A00C2C2A9 /* Release */ = {
			isa = XCBuildConfiguration;
			buildSettings = {
				ALWAYS_SEARCH_USER_PATHS = NO;
				CLANG_CXX_LANGUAGE_STANDARD = "gnu++0x";
				CLANG_CXX_LIBRARY = "libc++";
				CLANG_ENABLE_MODULES = YES;
				CLANG_ENABLE_OBJC_ARC = YES;
				CLANG_WARN_BOOL_CONVERSION = YES;
				CLANG_WARN_CONSTANT_CONVERSION = YES;
				CLANG_WARN_DIRECT_OBJC_ISA_USAGE = YES_ERROR;
				CLANG_WARN_EMPTY_BODY = YES;
				CLANG_WARN_ENUM_CONVERSION = YES;
				CLANG_WARN_INT_CONVERSION = YES;
				CLANG_WARN_OBJC_ROOT_CLASS = YES_ERROR;
				CLANG_WARN_UNREACHABLE_CODE = YES;
				CLANG_WARN__DUPLICATE_METHOD_MATCH = YES;
				"CODE_SIGN_IDENTITY[sdk=iphoneos*]" = "iPhone Developer";
				COPY_PHASE_STRIP = NO;
				DEBUG_INFORMATION_FORMAT = "dwarf-with-dsym";
				ENABLE_NS_ASSERTIONS = NO;
				ENABLE_STRICT_OBJC_MSGSEND = YES;
				GCC_C_LANGUAGE_STANDARD = gnu99;
				GCC_NO_COMMON_BLOCKS = YES;
				GCC_WARN_64_TO_32_BIT_CONVERSION = YES;
				GCC_WARN_ABOUT_RETURN_TYPE = YES_ERROR;
				GCC_WARN_UNDECLARED_SELECTOR = YES;
				GCC_WARN_UNINITIALIZED_AUTOS = YES_AGGRESSIVE;
				GCC_WARN_UNUSED_FUNCTION = YES;
				GCC_WARN_UNUSED_VARIABLE = YES;
				IPHONEOS_DEPLOYMENT_TARGET = 9.2;
				MTL_ENABLE_DEBUG_INFO = NO;
				SDKROOT = iphoneos;
				VALIDATE_PRODUCT = YES;
			};
			name = Release;
		};
		301DBB3C1CB2437A00C2C2A9 /* Debug */ = {
			isa = XCBuildConfiguration;
			buildSettings = {
				ASSETCATALOG_COMPILER_APPICON_NAME = AppIcon;
				CODE_SIGN_IDENTITY = "iPhone Developer";
				"CODE_SIGN_IDENTITY[sdk=iphoneos*]" = "iPhone Developer";
				INFOPLIST_FILE = FirstKadaiApp/Info.plist;
				LD_RUNPATH_SEARCH_PATHS = "$(inherited) @executable_path/Frameworks";
				PRODUCT_BUNDLE_IDENTIFIER = jp.techacademy.k.sudo.FirstKadaiApp;
				PRODUCT_NAME = "$(TARGET_NAME)";
				PROVISIONING_PROFILE = "";
			};
			name = Debug;
		};
		301DBB3D1CB2437A00C2C2A9 /* Release */ = {
			isa = XCBuildConfiguration;
			buildSettings = {
				ASSETCATALOG_COMPILER_APPICON_NAME = AppIcon;
				CODE_SIGN_IDENTITY = "iPhone Developer";
				"CODE_SIGN_IDENTITY[sdk=iphoneos*]" = "iPhone Developer";
				INFOPLIST_FILE = FirstKadaiApp/Info.plist;
				LD_RUNPATH_SEARCH_PATHS = "$(inherited) @executable_path/Frameworks";
				PRODUCT_BUNDLE_IDENTIFIER = jp.techacademy.k.sudo.FirstKadaiApp;
				PRODUCT_NAME = "$(TARGET_NAME)";
				PROVISIONING_PROFILE = "";
			};
			name = Release;
		};
/* End XCBuildConfiguration section */

/* Begin XCConfigurationList section */
		301DBB241CB2437A00C2C2A9 /* Build configuration list for PBXProject "FirstKadaiApp" */ = {
			isa = XCConfigurationList;
			buildConfigurations = (
				301DBB391CB2437A00C2C2A9 /* Debug */,
				301DBB3A1CB2437A00C2C2A9 /* Release */,
			);
			defaultConfigurationIsVisible = 0;
			defaultConfigurationName = Release;
		};
		301DBB3B1CB2437A00C2C2A9 /* Build configuration list for PBXNativeTarget "FirstKadaiApp" */ = {
			isa = XCConfigurationList;
			buildConfigurations = (
				301DBB3C1CB2437A00C2C2A9 /* Debug */,
				301DBB3D1CB2437A00C2C2A9 /* Release */,
			);
			defaultConfigurationIsVisible = 0;
		};
/* End XCConfigurationList section */
	};
	rootObject = 301DBB211CB2437A00C2C2A9 /* Project object */;
}
